{
  "version": 4,
  "terraform_version": "1.9.4",
  "serial": 415,
  "lineage": "4990713e-8597-d3a2-216e-e22fccab1624",
  "outputs": {
    "api_url": {
      "value": "https://sgomzb4l8h.execute-api.eu-central-1.amazonaws.com/v1/",
      "type": "string"
    }
  },
  "resources": [
    {
      "mode": "data",
      "type": "archive_file",
      "name": "api_zip",
      "provider": "provider[\"registry.terraform.io/hashicorp/archive\"]",
      "instances": [
        {
          "schema_version": 0,
          "attributes": {
            "exclude_symlink_directories": null,
            "excludes": null,
            "id": "99d7b292324ac88ec7f0830b0f1ef037df48c9e1",
            "output_base64sha256": "kPejpK9yGQNEHwGpxPy1aIfNiphsGrxxdgMm7TxdUsU=",
            "output_base64sha512": "MjFQzVBLWBXNepfdz1sTulYRsscOu6i5anjoMd5ijKBkFfnsIYqkwJbq4ydcb7JWfM5lm4MpVC0DGANgL9HMeQ==",
            "output_file_mode": null,
            "output_md5": "b4c394fa307b9700398fccf5bd302871",
            "output_path": "../dist/api.zip",
            "output_sha": "99d7b292324ac88ec7f0830b0f1ef037df48c9e1",
            "output_sha256": "90f7a3a4af721903441f01a9c4fcb56887cd8a986c1abc71760326ed3c5d52c5",
            "output_sha512": "323150cd504b5815cd7a97ddcf5b13ba5611b2c70ebba8b96a78e831de628ca06415f9ec218aa4c096eae3275c6fb2567cce659b8329542d031803602fd1cc79",
            "output_size": 4102,
            "source": [],
            "source_content": null,
            "source_content_filename": null,
            "source_dir": "../dist/api",
            "source_file": null,
            "type": "zip"
          },
          "sensitive_attributes": []
        }
      ]
    },
    {
      "mode": "data",
      "type": "archive_file",
      "name": "authorizer_zip",
      "provider": "provider[\"registry.terraform.io/hashicorp/archive\"]",
      "instances": [
        {
          "schema_version": 0,
          "attributes": {
            "exclude_symlink_directories": null,
            "excludes": null,
            "id": "2dc114a2351b4e565de8194fc80864cfbd3bf139",
            "output_base64sha256": "wrfpT75hEuZqrf3sbTNYcBQlU+y77vWhpAtVmVFx+S0=",
            "output_base64sha512": "rywzqjsz1py4UjdnLxkiOLR7JWED7FPNckPZPW4AG9NvHzEhWQDBfCnezG0oImeyrIc70oFAjBuYLWXQuXsrRA==",
            "output_file_mode": null,
            "output_md5": "ef6116d31502f86a494d592b50bc54e1",
            "output_path": "../dist/authorizer.zip",
            "output_sha": "2dc114a2351b4e565de8194fc80864cfbd3bf139",
            "output_sha256": "c2b7e94fbe6112e66aadfdec6d335870142553ecbbeef5a1a40b55995171f92d",
            "output_sha512": "af2c33aa3b33d69cb85237672f192238b47b256103ec53cd7243d93d6e001bd36f1f31215900c17c29decc6d282267b2ac873bd281408c1b982d65d0b97b2b44",
            "output_size": 1119,
            "source": [],
            "source_content": null,
            "source_content_filename": null,
            "source_dir": "../dist/authorizer",
            "source_file": null,
            "type": "zip"
          },
          "sensitive_attributes": []
        }
      ]
    },
    {
      "mode": "data",
      "type": "archive_file",
      "name": "login_zip",
      "provider": "provider[\"registry.terraform.io/hashicorp/archive\"]",
      "instances": [
        {
          "schema_version": 0,
          "attributes": {
            "exclude_symlink_directories": null,
            "excludes": null,
            "id": "52d4e28f6c0d2e219c165d706e643ac7d110499e",
            "output_base64sha256": "ya0NOPO1Iwd2+Fg0y6l05aCcpHDvsF2Q/6S4mak2nhQ=",
            "output_base64sha512": "IRTDxoWXi8OLTL0AhOVeBhogcHTp98f80c60JGNiOjF1rzjWQKBauGe6UWMbMGdOAXK/VyrZOJDSSs4gR8kF0A==",
            "output_file_mode": null,
            "output_md5": "534b9629f57175d2d6b8f6643364595c",
            "output_path": "../dist/login.zip",
            "output_sha": "52d4e28f6c0d2e219c165d706e643ac7d110499e",
            "output_sha256": "c9ad0d38f3b5230776f85834cba974e5a09ca470efb05d90ffa4b899a9369e14",
            "output_sha512": "2114c3c685978bc38b4cbd0084e55e061a207074e9f7c7fcd1ceb42463623a3175af38d640a05ab867ba51631b30674e0172bf572ad93890d24ace2047c905d0",
            "output_size": 1958,
            "source": [],
            "source_content": null,
            "source_content_filename": null,
            "source_dir": "../dist/login",
            "source_file": null,
            "type": "zip"
          },
          "sensitive_attributes": []
        }
      ]
    },
    {
      "mode": "data",
      "type": "archive_file",
      "name": "registration_zip",
      "provider": "provider[\"registry.terraform.io/hashicorp/archive\"]",
      "instances": [
        {
          "schema_version": 0,
          "attributes": {
            "exclude_symlink_directories": null,
            "excludes": null,
            "id": "5758a6e6262e2a7c8b5e6a5ded8c984f7b9bea09",
            "output_base64sha256": "BneUZF3IfjUZZdanQU+X6bdyKzYVYrFRq5b/YSBmfzE=",
            "output_base64sha512": "Oc6spZawebm0YTsXCj1+AWlgRmqym+HUSklFoE+5d5HQ2Dr7El7WEL2/twgA3Q3wguzXY1Bv6uA/OnITH+jGtw==",
            "output_file_mode": null,
            "output_md5": "e49c75db0406eb41a808e5480bc5fce8",
            "output_path": "../dist/registration.zip",
            "output_sha": "5758a6e6262e2a7c8b5e6a5ded8c984f7b9bea09",
            "output_sha256": "067794645dc87e351965d6a7414f97e9b7722b361562b151ab96ff6120667f31",
            "output_sha512": "39ceaca596b079b9b4613b170a3d7e016960466ab29be1d44a4945a04fb97791d0d83afb125ed610bdbfb70800dd0df082ecd763506feae03f3a72131fe8c6b7",
            "output_size": 1965,
            "source": [],
            "source_content": null,
            "source_content_filename": null,
            "source_dir": "../dist/registration",
            "source_file": null,
            "type": "zip"
          },
          "sensitive_attributes": []
        }
      ]
    },
    {
      "mode": "data",
      "type": "aws_caller_identity",
      "name": "current",
      "provider": "provider[\"registry.terraform.io/hashicorp/aws\"]",
      "instances": [
        {
          "schema_version": 0,
          "attributes": {
            "account_id": "140023384452",
            "arn": "arn:aws:iam::140023384452:user/PMI_test",
            "id": "140023384452",
            "user_id": "AIDASBGQLJGCGFQNMGYBP"
          },
          "sensitive_attributes": []
        }
      ]
    },
    {
      "mode": "managed",
      "type": "aws_api_gateway_authorizer",
      "name": "jwt",
      "provider": "provider[\"registry.terraform.io/hashicorp/aws\"]",
      "instances": [
        {
          "schema_version": 0,
          "attributes": {
            "arn": "arn:aws:apigateway:eu-central-1::/restapis/sgomzb4l8h/authorizers/d0kgpm",
            "authorizer_credentials": "",
            "authorizer_result_ttl_in_seconds": 300,
            "authorizer_uri": "arn:aws:apigateway:eu-central-1:lambda:path/2015-03-31/functions/arn:aws:lambda:eu-central-1:140023384452:function:jwtAuthorizer/invocations",
            "id": "d0kgpm",
            "identity_source": "method.request.header.Authorization",
            "identity_validation_expression": "",
            "name": "JWTAuthorizer",
            "provider_arns": [],
            "rest_api_id": "sgomzb4l8h",
            "type": "TOKEN"
          },
          "sensitive_attributes": [],
          "private": "bnVsbA==",
          "dependencies": [
            "aws_api_gateway_rest_api.api",
            "aws_iam_role.lambda_role",
            "aws_lambda_function.jwt_authorizer",
            "aws_lambda_layer_version.common_layer",
            "aws_s3_bucket.lambda_bucket",
            "aws_s3_object.authorizer_lambda_s3",
            "aws_secretsmanager_secret.app_config",
            "data.archive_file.authorizer_zip",
            "random_pet.lambda_bucket_name"
          ]
        }
      ]
    },
    {
      "mode": "managed",
      "type": "aws_api_gateway_deployment",
      "name": "deployment",
      "provider": "provider[\"registry.terraform.io/hashicorp/aws\"]",
      "instances": [
        {
          "schema_version": 0,
          "attributes": {
            "canary_settings": [],
            "created_date": "2024-08-21T21:20:58Z",
            "description": "",
            "execution_arn": "arn:aws:execute-api:eu-central-1:140023384452:sgomzb4l8h/v1",
            "id": "pwfra6",
            "invoke_url": "https://sgomzb4l8h.execute-api.eu-central-1.amazonaws.com/v1",
            "rest_api_id": "sgomzb4l8h",
            "stage_description": null,
            "stage_name": "v1",
            "triggers": {
              "redeployment": "a22f7365661e81af9e57dfca4228f7cefacc0031"
            },
            "variables": null
          },
          "sensitive_attributes": [],
          "private": "bnVsbA==",
          "dependencies": [
            "aws_api_gateway_authorizer.jwt",
            "aws_api_gateway_integration.integration_delete_task",
            "aws_api_gateway_integration.integration_get_tasks",
            "aws_api_gateway_integration.integration_post_tasks",
            "aws_api_gateway_integration.integration_put_task",
            "aws_api_gateway_method.delete_task",
            "aws_api_gateway_method.get_tasks",
            "aws_api_gateway_method.post_login",
            "aws_api_gateway_method.post_register",
            "aws_api_gateway_method.post_tasks",
            "aws_api_gateway_method.put_task",
            "aws_api_gateway_resource.auth",
            "aws_api_gateway_resource.login",
            "aws_api_gateway_resource.register",
            "aws_api_gateway_resource.task",
            "aws_api_gateway_resource.tasks",
            "aws_api_gateway_rest_api.api",
            "aws_iam_role.lambda_role",
            "aws_lambda_function.api",
            "aws_lambda_function.jwt_authorizer",
            "aws_lambda_layer_version.common_layer",
            "aws_s3_bucket.lambda_bucket",
            "aws_s3_object.api_lambda_s3",
            "aws_s3_object.authorizer_lambda_s3",
            "aws_secretsmanager_secret.app_config",
            "data.archive_file.api_zip",
            "data.archive_file.authorizer_zip",
            "random_pet.lambda_bucket_name"
          ]
        }
      ]
    },
    {
      "mode": "managed",
      "type": "aws_api_gateway_integration",
      "name": "integration_delete_task",
      "provider": "provider[\"registry.terraform.io/hashicorp/aws\"]",
      "instances": [
        {
          "schema_version": 0,
          "attributes": {
            "cache_key_parameters": [],
            "cache_namespace": "vqeey2",
            "connection_id": "",
            "connection_type": "INTERNET",
            "content_handling": "",
            "credentials": "",
            "http_method": "DELETE",
            "id": "agi-sgomzb4l8h-vqeey2-DELETE",
            "integration_http_method": "POST",
            "passthrough_behavior": "WHEN_NO_MATCH",
            "request_parameters": {
              "integration.request.path.id": "method.request.path.id"
            },
            "request_templates": {},
            "resource_id": "vqeey2",
            "rest_api_id": "sgomzb4l8h",
            "timeout_milliseconds": 29000,
            "tls_config": [],
            "type": "AWS_PROXY",
            "uri": "arn:aws:apigateway:eu-central-1:lambda:path/2015-03-31/functions/arn:aws:lambda:eu-central-1:140023384452:function:api/invocations"
          },
          "sensitive_attributes": [],
          "private": "bnVsbA==",
          "dependencies": [
            "aws_api_gateway_authorizer.jwt",
            "aws_api_gateway_method.delete_task",
            "aws_api_gateway_resource.task",
            "aws_api_gateway_resource.tasks",
            "aws_api_gateway_rest_api.api",
            "aws_iam_role.lambda_role",
            "aws_lambda_function.api",
            "aws_lambda_function.jwt_authorizer",
            "aws_lambda_layer_version.common_layer",
            "aws_s3_bucket.lambda_bucket",
            "aws_s3_object.api_lambda_s3",
            "aws_s3_object.authorizer_lambda_s3",
            "aws_secretsmanager_secret.app_config",
            "data.archive_file.api_zip",
            "data.archive_file.authorizer_zip",
            "random_pet.lambda_bucket_name"
          ]
        }
      ]
    },
    {
      "mode": "managed",
      "type": "aws_api_gateway_integration",
      "name": "integration_get_tasks",
      "provider": "provider[\"registry.terraform.io/hashicorp/aws\"]",
      "instances": [
        {
          "schema_version": 0,
          "attributes": {
            "cache_key_parameters": [],
            "cache_namespace": "sca631",
            "connection_id": "",
            "connection_type": "INTERNET",
            "content_handling": "",
            "credentials": "",
            "http_method": "GET",
            "id": "agi-sgomzb4l8h-sca631-GET",
            "integration_http_method": "POST",
            "passthrough_behavior": "WHEN_NO_MATCH",
            "request_parameters": {},
            "request_templates": {},
            "resource_id": "sca631",
            "rest_api_id": "sgomzb4l8h",
            "timeout_milliseconds": 29000,
            "tls_config": [],
            "type": "AWS_PROXY",
            "uri": "arn:aws:apigateway:eu-central-1:lambda:path/2015-03-31/functions/arn:aws:lambda:eu-central-1:140023384452:function:api/invocations"
          },
          "sensitive_attributes": [],
          "private": "bnVsbA==",
          "dependencies": [
            "aws_api_gateway_authorizer.jwt",
            "aws_api_gateway_method.get_tasks",
            "aws_api_gateway_resource.tasks",
            "aws_api_gateway_rest_api.api",
            "aws_iam_role.lambda_role",
            "aws_lambda_function.api",
            "aws_lambda_function.jwt_authorizer",
            "aws_lambda_layer_version.common_layer",
            "aws_s3_bucket.lambda_bucket",
            "aws_s3_object.api_lambda_s3",
            "aws_s3_object.authorizer_lambda_s3",
            "aws_secretsmanager_secret.app_config",
            "data.archive_file.api_zip",
            "data.archive_file.authorizer_zip",
            "random_pet.lambda_bucket_name"
          ]
        }
      ]
    },
    {
      "mode": "managed",
      "type": "aws_api_gateway_integration",
      "name": "integration_login",
      "provider": "provider[\"registry.terraform.io/hashicorp/aws\"]",
      "instances": [
        {
          "schema_version": 0,
          "attributes": {
            "cache_key_parameters": [],
            "cache_namespace": "sceenn",
            "connection_id": "",
            "connection_type": "INTERNET",
            "content_handling": "",
            "credentials": "",
            "http_method": "POST",
            "id": "agi-sgomzb4l8h-sceenn-POST",
            "integration_http_method": "POST",
            "passthrough_behavior": "WHEN_NO_MATCH",
            "request_parameters": {},
            "request_templates": {},
            "resource_id": "sceenn",
            "rest_api_id": "sgomzb4l8h",
            "timeout_milliseconds": 29000,
            "tls_config": [],
            "type": "AWS_PROXY",
            "uri": "arn:aws:apigateway:eu-central-1:lambda:path/2015-03-31/functions/arn:aws:lambda:eu-central-1:140023384452:function:login/invocations"
          },
          "sensitive_attributes": [],
          "private": "bnVsbA==",
          "dependencies": [
            "aws_api_gateway_resource.auth",
            "aws_api_gateway_resource.login",
            "aws_api_gateway_rest_api.api",
            "aws_iam_role.lambda_role",
            "aws_lambda_function.login_lambda",
            "aws_lambda_layer_version.common_layer",
            "aws_s3_bucket.lambda_bucket",
            "aws_s3_object.login_lambda_s3",
            "aws_secretsmanager_secret.app_config",
            "data.archive_file.login_zip",
            "random_pet.lambda_bucket_name"
          ]
        }
      ]
    },
    {
      "mode": "managed",
      "type": "aws_api_gateway_integration",
      "name": "integration_post_tasks",
      "provider": "provider[\"registry.terraform.io/hashicorp/aws\"]",
      "instances": [
        {
          "schema_version": 0,
          "attributes": {
            "cache_key_parameters": [],
            "cache_namespace": "sca631",
            "connection_id": "",
            "connection_type": "INTERNET",
            "content_handling": "",
            "credentials": "",
            "http_method": "POST",
            "id": "agi-sgomzb4l8h-sca631-POST",
            "integration_http_method": "POST",
            "passthrough_behavior": "WHEN_NO_MATCH",
            "request_parameters": {},
            "request_templates": {},
            "resource_id": "sca631",
            "rest_api_id": "sgomzb4l8h",
            "timeout_milliseconds": 29000,
            "tls_config": [],
            "type": "AWS_PROXY",
            "uri": "arn:aws:apigateway:eu-central-1:lambda:path/2015-03-31/functions/arn:aws:lambda:eu-central-1:140023384452:function:api/invocations"
          },
          "sensitive_attributes": [],
          "private": "bnVsbA==",
          "dependencies": [
            "aws_api_gateway_authorizer.jwt",
            "aws_api_gateway_method.post_tasks",
            "aws_api_gateway_resource.tasks",
            "aws_api_gateway_rest_api.api",
            "aws_iam_role.lambda_role",
            "aws_lambda_function.api",
            "aws_lambda_function.jwt_authorizer",
            "aws_lambda_layer_version.common_layer",
            "aws_s3_bucket.lambda_bucket",
            "aws_s3_object.api_lambda_s3",
            "aws_s3_object.authorizer_lambda_s3",
            "aws_secretsmanager_secret.app_config",
            "data.archive_file.api_zip",
            "data.archive_file.authorizer_zip",
            "random_pet.lambda_bucket_name"
          ]
        }
      ]
    },
    {
      "mode": "managed",
      "type": "aws_api_gateway_integration",
      "name": "integration_put_task",
      "provider": "provider[\"registry.terraform.io/hashicorp/aws\"]",
      "instances": [
        {
          "schema_version": 0,
          "attributes": {
            "cache_key_parameters": [],
            "cache_namespace": "vqeey2",
            "connection_id": "",
            "connection_type": "INTERNET",
            "content_handling": "",
            "credentials": "",
            "http_method": "PUT",
            "id": "agi-sgomzb4l8h-vqeey2-PUT",
            "integration_http_method": "POST",
            "passthrough_behavior": "WHEN_NO_MATCH",
            "request_parameters": {
              "integration.request.path.id": "method.request.path.id"
            },
            "request_templates": {},
            "resource_id": "vqeey2",
            "rest_api_id": "sgomzb4l8h",
            "timeout_milliseconds": 29000,
            "tls_config": [],
            "type": "AWS_PROXY",
            "uri": "arn:aws:apigateway:eu-central-1:lambda:path/2015-03-31/functions/arn:aws:lambda:eu-central-1:140023384452:function:api/invocations"
          },
          "sensitive_attributes": [],
          "private": "bnVsbA==",
          "dependencies": [
            "aws_api_gateway_authorizer.jwt",
            "aws_api_gateway_method.put_task",
            "aws_api_gateway_resource.task",
            "aws_api_gateway_resource.tasks",
            "aws_api_gateway_rest_api.api",
            "aws_iam_role.lambda_role",
            "aws_lambda_function.api",
            "aws_lambda_function.jwt_authorizer",
            "aws_lambda_layer_version.common_layer",
            "aws_s3_bucket.lambda_bucket",
            "aws_s3_object.api_lambda_s3",
            "aws_s3_object.authorizer_lambda_s3",
            "aws_secretsmanager_secret.app_config",
            "data.archive_file.api_zip",
            "data.archive_file.authorizer_zip",
            "random_pet.lambda_bucket_name"
          ]
        }
      ]
    },
    {
      "mode": "managed",
      "type": "aws_api_gateway_integration",
      "name": "integration_register",
      "provider": "provider[\"registry.terraform.io/hashicorp/aws\"]",
      "instances": [
        {
          "schema_version": 0,
          "attributes": {
            "cache_key_parameters": [],
            "cache_namespace": "4tr21i",
            "connection_id": "",
            "connection_type": "INTERNET",
            "content_handling": "",
            "credentials": "",
            "http_method": "POST",
            "id": "agi-sgomzb4l8h-4tr21i-POST",
            "integration_http_method": "POST",
            "passthrough_behavior": "WHEN_NO_MATCH",
            "request_parameters": {},
            "request_templates": {},
            "resource_id": "4tr21i",
            "rest_api_id": "sgomzb4l8h",
            "timeout_milliseconds": 29000,
            "tls_config": [],
            "type": "AWS_PROXY",
            "uri": "arn:aws:apigateway:eu-central-1:lambda:path/2015-03-31/functions/arn:aws:lambda:eu-central-1:140023384452:function:registration/invocations"
          },
          "sensitive_attributes": [],
          "private": "bnVsbA==",
          "dependencies": [
            "aws_api_gateway_resource.auth",
            "aws_api_gateway_resource.register",
            "aws_api_gateway_rest_api.api",
            "aws_iam_role.lambda_role",
            "aws_lambda_function.registration_lambda",
            "aws_lambda_layer_version.common_layer",
            "aws_s3_bucket.lambda_bucket",
            "aws_s3_object.registration_lambda_s3",
            "aws_secretsmanager_secret.app_config",
            "data.archive_file.registration_zip",
            "random_pet.lambda_bucket_name"
          ]
        }
      ]
    },
    {
      "mode": "managed",
      "type": "aws_api_gateway_method",
      "name": "delete_task",
      "provider": "provider[\"registry.terraform.io/hashicorp/aws\"]",
      "instances": [
        {
          "schema_version": 0,
          "attributes": {
            "api_key_required": false,
            "authorization": "CUSTOM",
            "authorization_scopes": [],
            "authorizer_id": "d0kgpm",
            "http_method": "DELETE",
            "id": "agm-sgomzb4l8h-vqeey2-DELETE",
            "operation_name": "",
            "request_models": {},
            "request_parameters": {
              "method.request.path.id": true
            },
            "request_validator_id": "",
            "resource_id": "vqeey2",
            "rest_api_id": "sgomzb4l8h"
          },
          "sensitive_attributes": [],
          "private": "bnVsbA==",
          "dependencies": [
            "aws_api_gateway_authorizer.jwt",
            "aws_api_gateway_resource.task",
            "aws_api_gateway_resource.tasks",
            "aws_api_gateway_rest_api.api",
            "aws_iam_role.lambda_role",
            "aws_lambda_function.jwt_authorizer",
            "aws_lambda_layer_version.common_layer",
            "aws_s3_bucket.lambda_bucket",
            "aws_s3_object.authorizer_lambda_s3",
            "aws_secretsmanager_secret.app_config",
            "data.archive_file.authorizer_zip",
            "random_pet.lambda_bucket_name"
          ]
        }
      ]
    },
    {
      "mode": "managed",
      "type": "aws_api_gateway_method",
      "name": "get_tasks",
      "provider": "provider[\"registry.terraform.io/hashicorp/aws\"]",
      "instances": [
        {
          "schema_version": 0,
          "attributes": {
            "api_key_required": false,
            "authorization": "CUSTOM",
            "authorization_scopes": [],
            "authorizer_id": "d0kgpm",
            "http_method": "GET",
            "id": "agm-sgomzb4l8h-sca631-GET",
            "operation_name": "",
            "request_models": {},
            "request_parameters": {},
            "request_validator_id": "",
            "resource_id": "sca631",
            "rest_api_id": "sgomzb4l8h"
          },
          "sensitive_attributes": [],
          "private": "bnVsbA==",
          "dependencies": [
            "aws_api_gateway_authorizer.jwt",
            "aws_api_gateway_resource.tasks",
            "aws_api_gateway_rest_api.api",
            "aws_iam_role.lambda_role",
            "aws_lambda_function.jwt_authorizer",
            "aws_lambda_layer_version.common_layer",
            "aws_s3_bucket.lambda_bucket",
            "aws_s3_object.authorizer_lambda_s3",
            "aws_secretsmanager_secret.app_config",
            "data.archive_file.authorizer_zip",
            "random_pet.lambda_bucket_name"
          ]
        }
      ]
    },
    {
      "mode": "managed",
      "type": "aws_api_gateway_method",
      "name": "post_login",
      "provider": "provider[\"registry.terraform.io/hashicorp/aws\"]",
      "instances": [
        {
          "schema_version": 0,
          "attributes": {
            "api_key_required": false,
            "authorization": "NONE",
            "authorization_scopes": [],
            "authorizer_id": "",
            "http_method": "POST",
            "id": "agm-sgomzb4l8h-sceenn-POST",
            "operation_name": "",
            "request_models": {},
            "request_parameters": {},
            "request_validator_id": "",
            "resource_id": "sceenn",
            "rest_api_id": "sgomzb4l8h"
          },
          "sensitive_attributes": [],
          "private": "bnVsbA==",
          "dependencies": [
            "aws_api_gateway_resource.auth",
            "aws_api_gateway_resource.login",
            "aws_api_gateway_rest_api.api"
          ]
        }
      ]
    },
    {
      "mode": "managed",
      "type": "aws_api_gateway_method",
      "name": "post_register",
      "provider": "provider[\"registry.terraform.io/hashicorp/aws\"]",
      "instances": [
        {
          "schema_version": 0,
          "attributes": {
            "api_key_required": false,
            "authorization": "NONE",
            "authorization_scopes": [],
            "authorizer_id": "",
            "http_method": "POST",
            "id": "agm-sgomzb4l8h-4tr21i-POST",
            "operation_name": "",
            "request_models": {},
            "request_parameters": {},
            "request_validator_id": "",
            "resource_id": "4tr21i",
            "rest_api_id": "sgomzb4l8h"
          },
          "sensitive_attributes": [],
          "private": "bnVsbA==",
          "dependencies": [
            "aws_api_gateway_resource.auth",
            "aws_api_gateway_resource.register",
            "aws_api_gateway_rest_api.api"
          ]
        }
      ]
    },
    {
      "mode": "managed",
      "type": "aws_api_gateway_method",
      "name": "post_tasks",
      "provider": "provider[\"registry.terraform.io/hashicorp/aws\"]",
      "instances": [
        {
          "schema_version": 0,
          "attributes": {
            "api_key_required": false,
            "authorization": "CUSTOM",
            "authorization_scopes": [],
            "authorizer_id": "d0kgpm",
            "http_method": "POST",
            "id": "agm-sgomzb4l8h-sca631-POST",
            "operation_name": "",
            "request_models": {},
            "request_parameters": {},
            "request_validator_id": "",
            "resource_id": "sca631",
            "rest_api_id": "sgomzb4l8h"
          },
          "sensitive_attributes": [],
          "private": "bnVsbA==",
          "dependencies": [
            "aws_api_gateway_authorizer.jwt",
            "aws_api_gateway_resource.tasks",
            "aws_api_gateway_rest_api.api",
            "aws_iam_role.lambda_role",
            "aws_lambda_function.jwt_authorizer",
            "aws_lambda_layer_version.common_layer",
            "aws_s3_bucket.lambda_bucket",
            "aws_s3_object.authorizer_lambda_s3",
            "aws_secretsmanager_secret.app_config",
            "data.archive_file.authorizer_zip",
            "random_pet.lambda_bucket_name"
          ]
        }
      ]
    },
    {
      "mode": "managed",
      "type": "aws_api_gateway_method",
      "name": "put_task",
      "provider": "provider[\"registry.terraform.io/hashicorp/aws\"]",
      "instances": [
        {
          "schema_version": 0,
          "attributes": {
            "api_key_required": false,
            "authorization": "CUSTOM",
            "authorization_scopes": [],
            "authorizer_id": "d0kgpm",
            "http_method": "PUT",
            "id": "agm-sgomzb4l8h-vqeey2-PUT",
            "operation_name": "",
            "request_models": {},
            "request_parameters": {
              "method.request.path.id": true
            },
            "request_validator_id": "",
            "resource_id": "vqeey2",
            "rest_api_id": "sgomzb4l8h"
          },
          "sensitive_attributes": [],
          "private": "bnVsbA==",
          "dependencies": [
            "aws_api_gateway_authorizer.jwt",
            "aws_api_gateway_resource.task",
            "aws_api_gateway_resource.tasks",
            "aws_api_gateway_rest_api.api",
            "aws_iam_role.lambda_role",
            "aws_lambda_function.jwt_authorizer",
            "aws_lambda_layer_version.common_layer",
            "aws_s3_bucket.lambda_bucket",
            "aws_s3_object.authorizer_lambda_s3",
            "aws_secretsmanager_secret.app_config",
            "data.archive_file.authorizer_zip",
            "random_pet.lambda_bucket_name"
          ]
        }
      ]
    },
    {
      "mode": "managed",
      "type": "aws_api_gateway_resource",
      "name": "auth",
      "provider": "provider[\"registry.terraform.io/hashicorp/aws\"]",
      "instances": [
        {
          "schema_version": 0,
          "attributes": {
            "id": "fz7mgw",
            "parent_id": "8uyfmkn3t1",
            "path": "/auth",
            "path_part": "auth",
            "rest_api_id": "sgomzb4l8h"
          },
          "sensitive_attributes": [],
          "private": "bnVsbA==",
          "dependencies": [
            "aws_api_gateway_rest_api.api"
          ]
        }
      ]
    },
    {
      "mode": "managed",
      "type": "aws_api_gateway_resource",
      "name": "login",
      "provider": "provider[\"registry.terraform.io/hashicorp/aws\"]",
      "instances": [
        {
          "schema_version": 0,
          "attributes": {
            "id": "sceenn",
            "parent_id": "fz7mgw",
            "path": "/auth/login",
            "path_part": "login",
            "rest_api_id": "sgomzb4l8h"
          },
          "sensitive_attributes": [],
          "private": "bnVsbA==",
          "dependencies": [
            "aws_api_gateway_resource.auth",
            "aws_api_gateway_rest_api.api"
          ]
        }
      ]
    },
    {
      "mode": "managed",
      "type": "aws_api_gateway_resource",
      "name": "register",
      "provider": "provider[\"registry.terraform.io/hashicorp/aws\"]",
      "instances": [
        {
          "schema_version": 0,
          "attributes": {
            "id": "4tr21i",
            "parent_id": "fz7mgw",
            "path": "/auth/register",
            "path_part": "register",
            "rest_api_id": "sgomzb4l8h"
          },
          "sensitive_attributes": [],
          "private": "bnVsbA==",
          "dependencies": [
            "aws_api_gateway_resource.auth",
            "aws_api_gateway_rest_api.api"
          ]
        }
      ]
    },
    {
      "mode": "managed",
      "type": "aws_api_gateway_resource",
      "name": "task",
      "provider": "provider[\"registry.terraform.io/hashicorp/aws\"]",
      "instances": [
        {
          "schema_version": 0,
          "attributes": {
            "id": "vqeey2",
            "parent_id": "sca631",
            "path": "/tasks/{id}",
            "path_part": "{id}",
            "rest_api_id": "sgomzb4l8h"
          },
          "sensitive_attributes": [],
          "private": "bnVsbA==",
          "dependencies": [
            "aws_api_gateway_resource.tasks",
            "aws_api_gateway_rest_api.api"
          ]
        }
      ]
    },
    {
      "mode": "managed",
      "type": "aws_api_gateway_resource",
      "name": "tasks",
      "provider": "provider[\"registry.terraform.io/hashicorp/aws\"]",
      "instances": [
        {
          "schema_version": 0,
          "attributes": {
            "id": "sca631",
            "parent_id": "8uyfmkn3t1",
            "path": "/tasks",
            "path_part": "tasks",
            "rest_api_id": "sgomzb4l8h"
          },
          "sensitive_attributes": [],
          "private": "bnVsbA==",
          "dependencies": [
            "aws_api_gateway_rest_api.api"
          ]
        }
      ]
    },
    {
      "mode": "managed",
      "type": "aws_api_gateway_rest_api",
      "name": "api",
      "provider": "provider[\"registry.terraform.io/hashicorp/aws\"]",
      "instances": [
        {
          "schema_version": 0,
          "attributes": {
            "api_key_source": "HEADER",
            "arn": "arn:aws:apigateway:eu-central-1::/restapis/sgomzb4l8h",
            "binary_media_types": [],
            "body": null,
            "created_date": "2024-08-19T06:49:04Z",
            "description": "",
            "disable_execute_api_endpoint": false,
            "endpoint_configuration": [
              {
                "types": [
                  "EDGE"
                ],
                "vpc_endpoint_ids": []
              }
            ],
            "execution_arn": "arn:aws:execute-api:eu-central-1:140023384452:sgomzb4l8h",
            "fail_on_warnings": null,
            "id": "sgomzb4l8h",
            "minimum_compression_size": "",
            "name": "taskManagementApi",
            "parameters": null,
            "policy": "",
            "put_rest_api_mode": null,
            "root_resource_id": "8uyfmkn3t1",
            "tags": {},
            "tags_all": {}
          },
          "sensitive_attributes": [],
          "private": "bnVsbA=="
        }
      ]
    },
    {
      "mode": "managed",
      "type": "aws_dynamodb_table",
      "name": "tasks",
      "provider": "provider[\"registry.terraform.io/hashicorp/aws\"]",
      "instances": [
        {
          "schema_version": 1,
          "attributes": {
            "arn": "arn:aws:dynamodb:eu-central-1:140023384452:table/tasks",
            "attribute": [
              {
                "name": "taskId",
                "type": "S"
              },
              {
                "name": "userId",
                "type": "S"
              }
            ],
            "billing_mode": "PAY_PER_REQUEST",
            "deletion_protection_enabled": false,
            "global_secondary_index": [
              {
                "hash_key": "userId",
                "name": "UserIdIndex",
                "non_key_attributes": [],
                "projection_type": "ALL",
                "range_key": "",
                "read_capacity": 0,
                "write_capacity": 0
              }
            ],
            "hash_key": "taskId",
            "id": "tasks",
            "import_table": [],
            "local_secondary_index": [],
            "name": "tasks",
            "point_in_time_recovery": [
              {
                "enabled": false
              }
            ],
            "range_key": null,
            "read_capacity": 0,
            "replica": [],
            "restore_date_time": null,
            "restore_source_name": null,
            "restore_to_latest_time": null,
            "server_side_encryption": [],
            "stream_arn": "",
            "stream_enabled": false,
            "stream_label": "",
            "stream_view_type": "",
            "table_class": "STANDARD",
            "tags": {},
            "tags_all": {},
            "timeouts": null,
            "ttl": [
              {
                "attribute_name": "",
                "enabled": false
              }
            ],
            "write_capacity": 0
          },
          "sensitive_attributes": [],
          "private": "eyJlMmJmYjczMC1lY2FhLTExZTYtOGY4OC0zNDM2M2JjN2M0YzAiOnsiY3JlYXRlIjoxODAwMDAwMDAwMDAwLCJkZWxldGUiOjYwMDAwMDAwMDAwMCwidXBkYXRlIjozNjAwMDAwMDAwMDAwfSwic2NoZW1hX3ZlcnNpb24iOiIxIn0="
        }
      ]
    },
    {
      "mode": "managed",
      "type": "aws_dynamodb_table",
      "name": "users",
      "provider": "provider[\"registry.terraform.io/hashicorp/aws\"]",
      "instances": [
        {
          "schema_version": 1,
          "attributes": {
            "arn": "arn:aws:dynamodb:eu-central-1:140023384452:table/users",
            "attribute": [
              {
                "name": "email",
                "type": "S"
              },
              {
                "name": "userId",
                "type": "S"
              },
              {
                "name": "username",
                "type": "S"
              }
            ],
            "billing_mode": "PAY_PER_REQUEST",
            "deletion_protection_enabled": false,
            "global_secondary_index": [
              {
                "hash_key": "email",
                "name": "EmailIndex",
                "non_key_attributes": [],
                "projection_type": "ALL",
                "range_key": "",
                "read_capacity": 0,
                "write_capacity": 0
              },
              {
                "hash_key": "username",
                "name": "UsernameIndex",
                "non_key_attributes": [],
                "projection_type": "ALL",
                "range_key": "",
                "read_capacity": 0,
                "write_capacity": 0
              }
            ],
            "hash_key": "userId",
            "id": "users",
            "import_table": [],
            "local_secondary_index": [],
            "name": "users",
            "point_in_time_recovery": [
              {
                "enabled": false
              }
            ],
            "range_key": null,
            "read_capacity": 0,
            "replica": [],
            "restore_date_time": null,
            "restore_source_name": null,
            "restore_to_latest_time": null,
            "server_side_encryption": [],
            "stream_arn": "",
            "stream_enabled": false,
            "stream_label": "",
            "stream_view_type": "",
            "table_class": "STANDARD",
            "tags": {
              "Application": "task-management-api",
              "Environment": "production"
            },
            "tags_all": {
              "Application": "task-management-api",
              "Environment": "production"
            },
            "timeouts": null,
            "ttl": [
              {
                "attribute_name": "",
                "enabled": false
              }
            ],
            "write_capacity": 0
          },
          "sensitive_attributes": [],
          "private": "eyJlMmJmYjczMC1lY2FhLTExZTYtOGY4OC0zNDM2M2JjN2M0YzAiOnsiY3JlYXRlIjoxODAwMDAwMDAwMDAwLCJkZWxldGUiOjYwMDAwMDAwMDAwMCwidXBkYXRlIjozNjAwMDAwMDAwMDAwfSwic2NoZW1hX3ZlcnNpb24iOiIxIn0="
        }
      ]
    },
    {
      "mode": "managed",
      "type": "aws_iam_policy",
      "name": "lambda_exec_policy",
      "provider": "provider[\"registry.terraform.io/hashicorp/aws\"]",
      "instances": [
        {
          "schema_version": 0,
          "attributes": {
            "arn": "arn:aws:iam::140023384452:policy/lambda_exec_policy",
            "attachment_count": 1,
            "description": "",
            "id": "arn:aws:iam::140023384452:policy/lambda_exec_policy",
            "name": "lambda_exec_policy",
            "name_prefix": "",
            "path": "/",
            "policy": "{\"Statement\":[{\"Action\":[\"dynamodb:*\"],\"Effect\":\"Allow\",\"Resource\":[\"arn:aws:dynamodb:eu-central-1:140023384452:table/users\",\"arn:aws:dynamodb:eu-central-1:140023384452:table/tasks\"]},{\"Action\":[\"secretsmanager:GetSecretValue\",\"secretsmanager:DescribeSecret\"],\"Effect\":\"Allow\",\"Resource\":\"*\"},{\"Action\":[\"logs:CreateLogGroup\",\"logs:CreateLogStream\",\"logs:PutLogEvents\"],\"Effect\":\"Allow\",\"Resource\":\"*\"}],\"Version\":\"2012-10-17\"}",
            "policy_id": "ANPASBGQLJGCH572EQ4PN",
            "tags": {},
            "tags_all": {}
          },
          "sensitive_attributes": [],
          "private": "bnVsbA==",
          "dependencies": [
            "aws_dynamodb_table.tasks",
            "aws_dynamodb_table.users"
          ]
        }
      ]
    },
    {
      "mode": "managed",
      "type": "aws_iam_role",
      "name": "lambda_role",
      "provider": "provider[\"registry.terraform.io/hashicorp/aws\"]",
      "instances": [
        {
          "schema_version": 0,
          "attributes": {
            "arn": "arn:aws:iam::140023384452:role/lambda_common_role",
            "assume_role_policy": "{\"Statement\":[{\"Action\":\"sts:AssumeRole\",\"Effect\":\"Allow\",\"Principal\":{\"Service\":\"lambda.amazonaws.com\"}}],\"Version\":\"2012-10-17\"}",
            "create_date": "2024-08-19T06:49:04Z",
            "description": "",
            "force_detach_policies": false,
            "id": "lambda_common_role",
            "inline_policy": [
              {
                "name": "lambda_secrets_manager_access",
                "policy": "{\"Version\":\"2012-10-17\",\"Statement\":[{\"Action\":[\"secretsmanager:GetSecretValue\",\"secretsmanager:DescribeSecret\"],\"Effect\":\"Allow\",\"Resource\":\"*\"}]}"
              },
              {
                "name": "loginLambdaCustomPolicy",
                "policy": "{\"Version\":\"2012-10-17\",\"Statement\":[{\"Action\":[\"dynamodb:PutItem\",\"dynamodb:UpdateItem\"],\"Effect\":\"Allow\",\"Resource\":\"*\"},{\"Action\":[\"execute-api:Invoke\"],\"Effect\":\"Allow\",\"Resource\":\"*\"}]}"
              },
              {
                "name": "registrationLambdaCustomPolicy",
                "policy": "{\"Version\":\"2012-10-17\",\"Statement\":[{\"Action\":[\"dynamodb:GetItem\",\"dynamodb:Query\"],\"Effect\":\"Allow\",\"Resource\":\"*\"},{\"Action\":[\"secretsmanager:GetSecretValue\"],\"Effect\":\"Allow\",\"Resource\":\"*\"}]}"
              }
            ],
            "managed_policy_arns": [
              "arn:aws:iam::140023384452:policy/lambda_exec_policy",
              "arn:aws:iam::aws:policy/service-role/AWSLambdaBasicExecutionRole"
            ],
            "max_session_duration": 3600,
            "name": "lambda_common_role",
            "name_prefix": "",
            "path": "/",
            "permissions_boundary": "",
            "tags": {},
            "tags_all": {},
            "unique_id": "AROASBGQLJGCOXAM2LVSH"
          },
          "sensitive_attributes": [],
          "private": "bnVsbA=="
        }
      ]
    },
    {
      "mode": "managed",
      "type": "aws_iam_role_policy",
      "name": "lambda_secrets_manager_access",
      "provider": "provider[\"registry.terraform.io/hashicorp/aws\"]",
      "instances": [
        {
          "schema_version": 0,
          "attributes": {
            "id": "lambda_common_role:lambda_secrets_manager_access",
            "name": "lambda_secrets_manager_access",
            "name_prefix": "",
            "policy": "{\"Version\":\"2012-10-17\",\"Statement\":[{\"Action\":[\"secretsmanager:GetSecretValue\",\"secretsmanager:DescribeSecret\"],\"Effect\":\"Allow\",\"Resource\":\"*\"}]}",
            "role": "lambda_common_role"
          },
          "sensitive_attributes": [],
          "private": "bnVsbA==",
          "dependencies": [
            "aws_iam_role.lambda_role"
          ]
        }
      ]
    },
    {
      "mode": "managed",
      "type": "aws_iam_role_policy",
      "name": "login_lambda_custom_policy",
      "provider": "provider[\"registry.terraform.io/hashicorp/aws\"]",
      "instances": [
        {
          "schema_version": 0,
          "attributes": {
            "id": "lambda_common_role:loginLambdaCustomPolicy",
            "name": "loginLambdaCustomPolicy",
            "name_prefix": "",
            "policy": "{\"Version\":\"2012-10-17\",\"Statement\":[{\"Action\":[\"dynamodb:PutItem\",\"dynamodb:UpdateItem\"],\"Effect\":\"Allow\",\"Resource\":\"*\"},{\"Action\":[\"execute-api:Invoke\"],\"Effect\":\"Allow\",\"Resource\":\"*\"}]}",
            "role": "lambda_common_role"
          },
          "sensitive_attributes": [],
          "private": "bnVsbA==",
          "dependencies": [
            "aws_iam_role.lambda_role"
          ]
        }
      ]
    },
    {
      "mode": "managed",
      "type": "aws_iam_role_policy",
      "name": "registration_lambda_custom_policy",
      "provider": "provider[\"registry.terraform.io/hashicorp/aws\"]",
      "instances": [
        {
          "schema_version": 0,
          "attributes": {
            "id": "lambda_common_role:registrationLambdaCustomPolicy",
            "name": "registrationLambdaCustomPolicy",
            "name_prefix": "",
            "policy": "{\"Version\":\"2012-10-17\",\"Statement\":[{\"Action\":[\"dynamodb:GetItem\",\"dynamodb:Query\"],\"Effect\":\"Allow\",\"Resource\":\"*\"},{\"Action\":[\"secretsmanager:GetSecretValue\"],\"Effect\":\"Allow\",\"Resource\":\"*\"}]}",
            "role": "lambda_common_role"
          },
          "sensitive_attributes": [],
          "private": "bnVsbA==",
          "dependencies": [
            "aws_iam_role.lambda_role"
          ]
        }
      ]
    },
    {
      "mode": "managed",
      "type": "aws_iam_role_policy_attachment",
      "name": "lambda_basic_execution",
      "provider": "provider[\"registry.terraform.io/hashicorp/aws\"]",
      "instances": [
        {
          "index_key": "api",
          "schema_version": 0,
          "attributes": {
            "id": "lambda_common_role-20240820141138153800000004",
            "policy_arn": "arn:aws:iam::aws:policy/service-role/AWSLambdaBasicExecutionRole",
            "role": "lambda_common_role"
          },
          "sensitive_attributes": [],
          "private": "bnVsbA==",
          "dependencies": [
            "aws_iam_role.lambda_role",
            "aws_lambda_function.api",
            "aws_lambda_function.jwt_authorizer",
            "aws_lambda_function.login_lambda",
            "aws_lambda_function.registration_lambda",
            "aws_lambda_layer_version.common_layer",
            "aws_s3_bucket.lambda_bucket",
            "aws_s3_object.api_lambda_s3",
            "aws_s3_object.authorizer_lambda_s3",
            "aws_s3_object.login_lambda_s3",
            "aws_s3_object.registration_lambda_s3",
            "aws_secretsmanager_secret.app_config",
            "data.archive_file.api_zip",
            "data.archive_file.authorizer_zip",
            "data.archive_file.login_zip",
            "data.archive_file.registration_zip",
            "random_pet.lambda_bucket_name"
          ]
        },
        {
          "index_key": "jwtAuthorizer",
          "schema_version": 0,
          "attributes": {
            "id": "lambda_common_role-20240820141138144300000002",
            "policy_arn": "arn:aws:iam::aws:policy/service-role/AWSLambdaBasicExecutionRole",
            "role": "lambda_common_role"
          },
          "sensitive_attributes": [],
          "private": "bnVsbA==",
          "dependencies": [
            "aws_iam_role.lambda_role",
            "aws_lambda_function.api",
            "aws_lambda_function.jwt_authorizer",
            "aws_lambda_function.login_lambda",
            "aws_lambda_function.registration_lambda",
            "aws_lambda_layer_version.common_layer",
            "aws_s3_bucket.lambda_bucket",
            "aws_s3_object.api_lambda_s3",
            "aws_s3_object.authorizer_lambda_s3",
            "aws_s3_object.login_lambda_s3",
            "aws_s3_object.registration_lambda_s3",
            "aws_secretsmanager_secret.app_config",
            "data.archive_file.api_zip",
            "data.archive_file.authorizer_zip",
            "data.archive_file.login_zip",
            "data.archive_file.registration_zip",
            "random_pet.lambda_bucket_name"
          ]
        },
        {
          "index_key": "login",
          "schema_version": 0,
          "attributes": {
            "id": "lambda_common_role-20240820141138151000000003",
            "policy_arn": "arn:aws:iam::aws:policy/service-role/AWSLambdaBasicExecutionRole",
            "role": "lambda_common_role"
          },
          "sensitive_attributes": [],
          "private": "bnVsbA==",
          "dependencies": [
            "aws_iam_role.lambda_role",
            "aws_lambda_function.api",
            "aws_lambda_function.jwt_authorizer",
            "aws_lambda_function.login_lambda",
            "aws_lambda_function.registration_lambda",
            "aws_lambda_layer_version.common_layer",
            "aws_s3_bucket.lambda_bucket",
            "aws_s3_object.api_lambda_s3",
            "aws_s3_object.authorizer_lambda_s3",
            "aws_s3_object.login_lambda_s3",
            "aws_s3_object.registration_lambda_s3",
            "aws_secretsmanager_secret.app_config",
            "data.archive_file.api_zip",
            "data.archive_file.authorizer_zip",
            "data.archive_file.login_zip",
            "data.archive_file.registration_zip",
            "random_pet.lambda_bucket_name"
          ]
        },
        {
          "index_key": "registration",
          "schema_version": 0,
          "attributes": {
            "id": "lambda_common_role-20240820141138128800000001",
            "policy_arn": "arn:aws:iam::aws:policy/service-role/AWSLambdaBasicExecutionRole",
            "role": "lambda_common_role"
          },
          "sensitive_attributes": [],
          "private": "bnVsbA==",
          "dependencies": [
            "aws_iam_role.lambda_role",
            "aws_lambda_function.api",
            "aws_lambda_function.jwt_authorizer",
            "aws_lambda_function.login_lambda",
            "aws_lambda_function.registration_lambda",
            "aws_lambda_layer_version.common_layer",
            "aws_s3_bucket.lambda_bucket",
            "aws_s3_object.api_lambda_s3",
            "aws_s3_object.authorizer_lambda_s3",
            "aws_s3_object.login_lambda_s3",
            "aws_s3_object.registration_lambda_s3",
            "aws_secretsmanager_secret.app_config",
            "data.archive_file.api_zip",
            "data.archive_file.authorizer_zip",
            "data.archive_file.login_zip",
            "data.archive_file.registration_zip",
            "random_pet.lambda_bucket_name"
          ]
        }
      ]
    },
    {
      "mode": "managed",
      "type": "aws_iam_role_policy_attachment",
      "name": "lambda_exec_role_attachment",
      "provider": "provider[\"registry.terraform.io/hashicorp/aws\"]",
      "instances": [
        {
          "schema_version": 0,
          "attributes": {
            "id": "lambda_common_role-20240819064927670600000002",
            "policy_arn": "arn:aws:iam::140023384452:policy/lambda_exec_policy",
            "role": "lambda_common_role"
          },
          "sensitive_attributes": [],
          "private": "bnVsbA==",
          "dependencies": [
            "aws_dynamodb_table.tasks",
            "aws_dynamodb_table.users",
            "aws_iam_policy.lambda_exec_policy",
            "aws_iam_role.lambda_role"
          ]
        }
      ]
    },
    {
      "mode": "managed",
      "type": "aws_lambda_function",
      "name": "api",
      "provider": "provider[\"registry.terraform.io/hashicorp/aws\"]",
      "instances": [
        {
          "schema_version": 0,
          "attributes": {
            "architectures": [
              "x86_64"
            ],
            "arn": "arn:aws:lambda:eu-central-1:140023384452:function:api",
            "code_sha256": "kPejpK9yGQNEHwGpxPy1aIfNiphsGrxxdgMm7TxdUsU=",
            "code_signing_config_arn": "",
            "dead_letter_config": [],
            "description": "",
            "environment": [
              {
                "variables": {
                  "SECRET_ARN": "arn:aws:secretsmanager:eu-central-1:140023384452:secret:app/config-YEWj7h"
                }
              }
            ],
            "ephemeral_storage": [
              {
                "size": 512
              }
            ],
            "file_system_config": [],
            "filename": null,
            "function_name": "api",
            "handler": "api.apiHandler",
            "id": "api",
            "image_config": [],
            "image_uri": "",
            "invoke_arn": "arn:aws:apigateway:eu-central-1:lambda:path/2015-03-31/functions/arn:aws:lambda:eu-central-1:140023384452:function:api/invocations",
            "kms_key_arn": "",
            "last_modified": "2024-08-21T21:20:48.423+0000",
            "layers": [
              "arn:aws:lambda:eu-central-1:140023384452:layer:common-layer:13"
            ],
            "logging_config": [
              {
                "application_log_level": "",
                "log_format": "Text",
                "log_group": "/aws/lambda/api",
                "system_log_level": ""
              }
            ],
            "memory_size": 128,
            "package_type": "Zip",
            "publish": false,
            "qualified_arn": "arn:aws:lambda:eu-central-1:140023384452:function:api:$LATEST",
            "qualified_invoke_arn": "arn:aws:apigateway:eu-central-1:lambda:path/2015-03-31/functions/arn:aws:lambda:eu-central-1:140023384452:function:api:$LATEST/invocations",
            "replace_security_groups_on_destroy": null,
            "replacement_security_group_ids": null,
            "reserved_concurrent_executions": -1,
            "role": "arn:aws:iam::140023384452:role/lambda_common_role",
            "runtime": "nodejs20.x",
            "s3_bucket": "task-management-pmi-simply-poorly-cheerful-fly",
            "s3_key": "api.zip",
            "s3_object_version": null,
            "signing_job_arn": "",
            "signing_profile_version_arn": "",
            "skip_destroy": false,
            "snap_start": [],
            "source_code_hash": "kPejpK9yGQNEHwGpxPy1aIfNiphsGrxxdgMm7TxdUsU=",
            "source_code_size": 4102,
            "tags": null,
            "tags_all": {},
            "timeout": 30,
            "timeouts": null,
            "tracing_config": [
              {
                "mode": "PassThrough"
              }
            ],
            "version": "$LATEST",
            "vpc_config": []
          },
          "sensitive_attributes": [],
          "private": "eyJlMmJmYjczMC1lY2FhLTExZTYtOGY4OC0zNDM2M2JjN2M0YzAiOnsiY3JlYXRlIjo2MDAwMDAwMDAwMDAsImRlbGV0ZSI6NjAwMDAwMDAwMDAwLCJ1cGRhdGUiOjYwMDAwMDAwMDAwMH19",
          "dependencies": [
            "aws_iam_role.lambda_role",
            "aws_lambda_layer_version.common_layer",
            "aws_s3_bucket.lambda_bucket",
            "aws_s3_object.api_lambda_s3",
            "aws_secretsmanager_secret.app_config",
            "data.archive_file.api_zip",
            "random_pet.lambda_bucket_name"
          ]
        }
      ]
    },
    {
      "mode": "managed",
      "type": "aws_lambda_function",
      "name": "jwt_authorizer",
      "provider": "provider[\"registry.terraform.io/hashicorp/aws\"]",
      "instances": [
        {
          "schema_version": 0,
          "attributes": {
            "architectures": [
              "x86_64"
            ],
            "arn": "arn:aws:lambda:eu-central-1:140023384452:function:jwtAuthorizer",
            "code_sha256": "wrfpT75hEuZqrf3sbTNYcBQlU+y77vWhpAtVmVFx+S0=",
            "code_signing_config_arn": "",
            "dead_letter_config": [],
            "description": "",
            "environment": [
              {
                "variables": {
                  "SECRET_ARN": "arn:aws:secretsmanager:eu-central-1:140023384452:secret:app/config-YEWj7h"
                }
              }
            ],
            "ephemeral_storage": [
              {
                "size": 512
              }
            ],
            "file_system_config": [],
            "filename": null,
            "function_name": "jwtAuthorizer",
            "handler": "authorizer.jwtAuthorizer",
            "id": "jwtAuthorizer",
            "image_config": [],
            "image_uri": "",
            "invoke_arn": "arn:aws:apigateway:eu-central-1:lambda:path/2015-03-31/functions/arn:aws:lambda:eu-central-1:140023384452:function:jwtAuthorizer/invocations",
            "kms_key_arn": "",
            "last_modified": "2024-08-21T16:04:12.497+0000",
            "layers": [
              "arn:aws:lambda:eu-central-1:140023384452:layer:common-layer:13"
            ],
            "logging_config": [
              {
                "application_log_level": "",
                "log_format": "Text",
                "log_group": "/aws/lambda/jwtAuthorizer",
                "system_log_level": ""
              }
            ],
            "memory_size": 128,
            "package_type": "Zip",
            "publish": false,
            "qualified_arn": "arn:aws:lambda:eu-central-1:140023384452:function:jwtAuthorizer:$LATEST",
            "qualified_invoke_arn": "arn:aws:apigateway:eu-central-1:lambda:path/2015-03-31/functions/arn:aws:lambda:eu-central-1:140023384452:function:jwtAuthorizer:$LATEST/invocations",
            "replace_security_groups_on_destroy": null,
            "replacement_security_group_ids": null,
            "reserved_concurrent_executions": -1,
            "role": "arn:aws:iam::140023384452:role/lambda_common_role",
            "runtime": "nodejs20.x",
            "s3_bucket": "task-management-pmi-simply-poorly-cheerful-fly",
            "s3_key": "authorizer.zip",
            "s3_object_version": null,
            "signing_job_arn": "",
            "signing_profile_version_arn": "",
            "skip_destroy": false,
            "snap_start": [],
            "source_code_hash": "wrfpT75hEuZqrf3sbTNYcBQlU+y77vWhpAtVmVFx+S0=",
            "source_code_size": 1119,
            "tags": {},
            "tags_all": {},
            "timeout": 3,
            "timeouts": null,
            "tracing_config": [
              {
                "mode": "PassThrough"
              }
            ],
            "version": "$LATEST",
            "vpc_config": []
          },
          "sensitive_attributes": [],
          "private": "eyJlMmJmYjczMC1lY2FhLTExZTYtOGY4OC0zNDM2M2JjN2M0YzAiOnsiY3JlYXRlIjo2MDAwMDAwMDAwMDAsImRlbGV0ZSI6NjAwMDAwMDAwMDAwLCJ1cGRhdGUiOjYwMDAwMDAwMDAwMH19",
          "dependencies": [
            "aws_iam_role.lambda_role",
            "aws_lambda_layer_version.common_layer",
            "aws_s3_bucket.lambda_bucket",
            "aws_s3_object.authorizer_lambda_s3",
            "aws_secretsmanager_secret.app_config",
            "data.archive_file.authorizer_zip",
            "random_pet.lambda_bucket_name"
          ]
        }
      ]
    },
    {
      "mode": "managed",
      "type": "aws_lambda_function",
      "name": "login_lambda",
      "provider": "provider[\"registry.terraform.io/hashicorp/aws\"]",
      "instances": [
        {
          "schema_version": 0,
          "attributes": {
            "architectures": [
              "x86_64"
            ],
            "arn": "arn:aws:lambda:eu-central-1:140023384452:function:login",
            "code_sha256": "0Tlt5piBqe+opLuzjHQGlv9prLESLAuMndns++JFba8=",
            "code_signing_config_arn": "",
            "dead_letter_config": [],
            "description": "",
            "environment": [
              {
                "variables": {
                  "SECRET_ARN": "arn:aws:secretsmanager:eu-central-1:140023384452:secret:app/config-YEWj7h"
                }
              }
            ],
            "ephemeral_storage": [
              {
                "size": 512
              }
            ],
            "file_system_config": [],
            "filename": null,
            "function_name": "login",
            "handler": "login.loginHandler",
            "id": "login",
            "image_config": [],
            "image_uri": "",
            "invoke_arn": "arn:aws:apigateway:eu-central-1:lambda:path/2015-03-31/functions/arn:aws:lambda:eu-central-1:140023384452:function:login/invocations",
            "kms_key_arn": "",
            "last_modified": "2024-08-21T15:02:19.000+0000",
            "layers": [
              "arn:aws:lambda:eu-central-1:140023384452:layer:common-layer:13"
            ],
            "logging_config": [
              {
                "application_log_level": "",
                "log_format": "Text",
                "log_group": "/aws/lambda/login",
                "system_log_level": ""
              }
            ],
            "memory_size": 128,
            "package_type": "Zip",
            "publish": false,
            "qualified_arn": "arn:aws:lambda:eu-central-1:140023384452:function:login:$LATEST",
            "qualified_invoke_arn": "arn:aws:apigateway:eu-central-1:lambda:path/2015-03-31/functions/arn:aws:lambda:eu-central-1:140023384452:function:login:$LATEST/invocations",
            "replace_security_groups_on_destroy": null,
            "replacement_security_group_ids": null,
            "reserved_concurrent_executions": -1,
            "role": "arn:aws:iam::140023384452:role/lambda_common_role",
            "runtime": "nodejs20.x",
            "s3_bucket": "task-management-pmi-simply-poorly-cheerful-fly",
            "s3_key": "login.zip",
            "s3_object_version": null,
            "signing_job_arn": "",
            "signing_profile_version_arn": "",
            "skip_destroy": false,
            "snap_start": [],
            "source_code_hash": "ya0NOPO1Iwd2+Fg0y6l05aCcpHDvsF2Q/6S4mak2nhQ=",
            "source_code_size": 1992,
            "tags": {},
            "tags_all": {},
            "timeout": 3,
            "timeouts": null,
            "tracing_config": [
              {
                "mode": "PassThrough"
              }
            ],
            "version": "$LATEST",
            "vpc_config": []
          },
          "sensitive_attributes": [],
          "private": "eyJlMmJmYjczMC1lY2FhLTExZTYtOGY4OC0zNDM2M2JjN2M0YzAiOnsiY3JlYXRlIjo2MDAwMDAwMDAwMDAsImRlbGV0ZSI6NjAwMDAwMDAwMDAwLCJ1cGRhdGUiOjYwMDAwMDAwMDAwMH19",
          "dependencies": [
            "aws_iam_role.lambda_role",
            "aws_lambda_layer_version.common_layer",
            "aws_s3_bucket.lambda_bucket",
            "aws_s3_object.login_lambda_s3",
            "aws_secretsmanager_secret.app_config",
            "data.archive_file.login_zip",
            "random_pet.lambda_bucket_name"
          ]
        }
      ]
    },
    {
      "mode": "managed",
      "type": "aws_lambda_function",
      "name": "registration_lambda",
      "provider": "provider[\"registry.terraform.io/hashicorp/aws\"]",
      "instances": [
        {
          "schema_version": 0,
          "attributes": {
            "architectures": [
              "x86_64"
            ],
            "arn": "arn:aws:lambda:eu-central-1:140023384452:function:registration",
            "code_sha256": "BneUZF3IfjUZZdanQU+X6bdyKzYVYrFRq5b/YSBmfzE=",
            "code_signing_config_arn": "",
            "dead_letter_config": [],
            "description": "",
            "environment": [
              {
                "variables": {
                  "SECRET_ARN": "arn:aws:secretsmanager:eu-central-1:140023384452:secret:app/config-YEWj7h"
                }
              }
            ],
            "ephemeral_storage": [
              {
                "size": 512
              }
            ],
            "file_system_config": [],
            "filename": null,
            "function_name": "registration",
            "handler": "registration.registerUserHandler",
            "id": "registration",
            "image_config": [],
            "image_uri": "",
            "invoke_arn": "arn:aws:apigateway:eu-central-1:lambda:path/2015-03-31/functions/arn:aws:lambda:eu-central-1:140023384452:function:registration/invocations",
            "kms_key_arn": "",
            "last_modified": "2024-08-21T14:24:45.000+0000",
            "layers": [
              "arn:aws:lambda:eu-central-1:140023384452:layer:common-layer:13"
            ],
            "logging_config": [
              {
                "application_log_level": "",
                "log_format": "Text",
                "log_group": "/aws/lambda/registration",
                "system_log_level": ""
              }
            ],
            "memory_size": 128,
            "package_type": "Zip",
            "publish": false,
            "qualified_arn": "arn:aws:lambda:eu-central-1:140023384452:function:registration:$LATEST",
            "qualified_invoke_arn": "arn:aws:apigateway:eu-central-1:lambda:path/2015-03-31/functions/arn:aws:lambda:eu-central-1:140023384452:function:registration:$LATEST/invocations",
            "replace_security_groups_on_destroy": null,
            "replacement_security_group_ids": null,
            "reserved_concurrent_executions": -1,
            "role": "arn:aws:iam::140023384452:role/lambda_common_role",
            "runtime": "nodejs20.x",
            "s3_bucket": "task-management-pmi-simply-poorly-cheerful-fly",
            "s3_key": "registration.zip",
            "s3_object_version": null,
            "signing_job_arn": "",
            "signing_profile_version_arn": "",
            "skip_destroy": false,
            "snap_start": [],
            "source_code_hash": "BneUZF3IfjUZZdanQU+X6bdyKzYVYrFRq5b/YSBmfzE=",
            "source_code_size": 1965,
            "tags": {},
            "tags_all": {},
            "timeout": 3,
            "timeouts": null,
            "tracing_config": [
              {
                "mode": "PassThrough"
              }
            ],
            "version": "$LATEST",
            "vpc_config": []
          },
          "sensitive_attributes": [],
          "private": "eyJlMmJmYjczMC1lY2FhLTExZTYtOGY4OC0zNDM2M2JjN2M0YzAiOnsiY3JlYXRlIjo2MDAwMDAwMDAwMDAsImRlbGV0ZSI6NjAwMDAwMDAwMDAwLCJ1cGRhdGUiOjYwMDAwMDAwMDAwMH19",
          "dependencies": [
            "aws_iam_role.lambda_role",
            "aws_lambda_layer_version.common_layer",
            "aws_s3_bucket.lambda_bucket",
            "aws_s3_object.registration_lambda_s3",
            "aws_secretsmanager_secret.app_config",
            "data.archive_file.registration_zip",
            "random_pet.lambda_bucket_name"
          ]
        }
      ]
    },
    {
      "mode": "managed",
      "type": "aws_lambda_layer_version",
      "name": "common_layer",
      "provider": "provider[\"registry.terraform.io/hashicorp/aws\"]",
      "instances": [
        {
          "schema_version": 0,
          "attributes": {
            "arn": "arn:aws:lambda:eu-central-1:140023384452:layer:common-layer:13",
            "code_sha256": "tky38szTBXcMRsev1ksc6YNLjTzP/n1n9wLVFBq/uIk=",
            "compatible_architectures": [],
            "compatible_runtimes": [
              "nodejs20.x"
            ],
            "created_date": "2024-08-21T14:24:44.949+0000",
            "description": "",
            "filename": "../nodejs.zip",
            "id": "arn:aws:lambda:eu-central-1:140023384452:layer:common-layer:13",
            "layer_arn": "arn:aws:lambda:eu-central-1:140023384452:layer:common-layer",
            "layer_name": "common-layer",
            "license_info": "",
            "s3_bucket": null,
            "s3_key": null,
            "s3_object_version": null,
            "signing_job_arn": "",
            "signing_profile_version_arn": "",
            "skip_destroy": false,
            "source_code_hash": "",
            "source_code_size": 38100056,
            "version": "13"
          },
          "sensitive_attributes": [],
          "private": "bnVsbA=="
        }
      ]
    },
    {
      "mode": "managed",
      "type": "aws_lambda_permission",
      "name": "apigateway_invoke",
      "provider": "provider[\"registry.terraform.io/hashicorp/aws\"]",
      "instances": [
        {
          "index_key": "api",
          "schema_version": 0,
          "attributes": {
            "action": "lambda:InvokeFunction",
            "event_source_token": null,
            "function_name": "api",
            "function_url_auth_type": null,
            "id": "AllowAPIGatewayInvoke-api",
            "principal": "apigateway.amazonaws.com",
            "principal_org_id": null,
            "qualifier": "",
            "source_account": null,
            "source_arn": "arn:aws:execute-api:eu-central-1:140023384452:sgomzb4l8h/*",
            "statement_id": "AllowAPIGatewayInvoke-api",
            "statement_id_prefix": ""
          },
          "sensitive_attributes": [],
          "private": "bnVsbA==",
          "dependencies": [
            "aws_api_gateway_rest_api.api",
            "aws_iam_role.lambda_role",
            "aws_lambda_function.api",
            "aws_lambda_function.jwt_authorizer",
            "aws_lambda_function.login_lambda",
            "aws_lambda_function.registration_lambda",
            "aws_lambda_layer_version.common_layer",
            "aws_s3_bucket.lambda_bucket",
            "aws_s3_object.api_lambda_s3",
            "aws_s3_object.authorizer_lambda_s3",
            "aws_s3_object.login_lambda_s3",
            "aws_s3_object.registration_lambda_s3",
            "aws_secretsmanager_secret.app_config",
            "data.archive_file.api_zip",
            "data.archive_file.authorizer_zip",
            "data.archive_file.login_zip",
            "data.archive_file.registration_zip",
            "data.aws_caller_identity.current",
            "random_pet.lambda_bucket_name"
          ]
        },
        {
          "index_key": "jwtAuthorizer",
          "schema_version": 0,
          "attributes": {
            "action": "lambda:InvokeFunction",
            "event_source_token": null,
            "function_name": "jwtAuthorizer",
            "function_url_auth_type": null,
            "id": "AllowAPIGatewayInvoke-jwtAuthorizer",
            "principal": "apigateway.amazonaws.com",
            "principal_org_id": null,
            "qualifier": "",
            "source_account": null,
            "source_arn": "arn:aws:execute-api:eu-central-1:140023384452:sgomzb4l8h/*",
            "statement_id": "AllowAPIGatewayInvoke-jwtAuthorizer",
            "statement_id_prefix": ""
          },
          "sensitive_attributes": [],
          "private": "bnVsbA==",
          "dependencies": [
            "aws_api_gateway_rest_api.api",
            "aws_iam_role.lambda_role",
            "aws_lambda_function.api",
            "aws_lambda_function.jwt_authorizer",
            "aws_lambda_function.login_lambda",
            "aws_lambda_function.registration_lambda",
            "aws_lambda_layer_version.common_layer",
            "aws_s3_bucket.lambda_bucket",
            "aws_s3_object.api_lambda_s3",
            "aws_s3_object.authorizer_lambda_s3",
            "aws_s3_object.login_lambda_s3",
            "aws_s3_object.registration_lambda_s3",
            "aws_secretsmanager_secret.app_config",
            "data.archive_file.api_zip",
            "data.archive_file.authorizer_zip",
            "data.archive_file.login_zip",
            "data.archive_file.registration_zip",
            "data.aws_caller_identity.current",
            "random_pet.lambda_bucket_name"
          ]
        },
        {
          "index_key": "login",
          "schema_version": 0,
          "attributes": {
            "action": "lambda:InvokeFunction",
            "event_source_token": null,
            "function_name": "login",
            "function_url_auth_type": null,
            "id": "AllowAPIGatewayInvoke-login",
            "principal": "apigateway.amazonaws.com",
            "principal_org_id": null,
            "qualifier": "",
            "source_account": null,
            "source_arn": "arn:aws:execute-api:eu-central-1:140023384452:sgomzb4l8h/*",
            "statement_id": "AllowAPIGatewayInvoke-login",
            "statement_id_prefix": ""
          },
          "sensitive_attributes": [],
          "private": "bnVsbA==",
          "dependencies": [
            "aws_api_gateway_rest_api.api",
            "aws_iam_role.lambda_role",
            "aws_lambda_function.api",
            "aws_lambda_function.jwt_authorizer",
            "aws_lambda_function.login_lambda",
            "aws_lambda_function.registration_lambda",
            "aws_lambda_layer_version.common_layer",
            "aws_s3_bucket.lambda_bucket",
            "aws_s3_object.api_lambda_s3",
            "aws_s3_object.authorizer_lambda_s3",
            "aws_s3_object.login_lambda_s3",
            "aws_s3_object.registration_lambda_s3",
            "aws_secretsmanager_secret.app_config",
            "data.archive_file.api_zip",
            "data.archive_file.authorizer_zip",
            "data.archive_file.login_zip",
            "data.archive_file.registration_zip",
            "data.aws_caller_identity.current",
            "random_pet.lambda_bucket_name"
          ]
        },
        {
          "index_key": "registration",
          "schema_version": 0,
          "attributes": {
            "action": "lambda:InvokeFunction",
            "event_source_token": null,
            "function_name": "registration",
            "function_url_auth_type": null,
            "id": "AllowAPIGatewayInvoke-registration",
            "principal": "apigateway.amazonaws.com",
            "principal_org_id": null,
            "qualifier": "",
            "source_account": null,
            "source_arn": "arn:aws:execute-api:eu-central-1:140023384452:sgomzb4l8h/*",
            "statement_id": "AllowAPIGatewayInvoke-registration",
            "statement_id_prefix": ""
          },
          "sensitive_attributes": [],
          "private": "bnVsbA==",
          "dependencies": [
            "aws_api_gateway_rest_api.api",
            "aws_iam_role.lambda_role",
            "aws_lambda_function.api",
            "aws_lambda_function.jwt_authorizer",
            "aws_lambda_function.login_lambda",
            "aws_lambda_function.registration_lambda",
            "aws_lambda_layer_version.common_layer",
            "aws_s3_bucket.lambda_bucket",
            "aws_s3_object.api_lambda_s3",
            "aws_s3_object.authorizer_lambda_s3",
            "aws_s3_object.login_lambda_s3",
            "aws_s3_object.registration_lambda_s3",
            "aws_secretsmanager_secret.app_config",
            "data.archive_file.api_zip",
            "data.archive_file.authorizer_zip",
            "data.archive_file.login_zip",
            "data.archive_file.registration_zip",
            "data.aws_caller_identity.current",
            "random_pet.lambda_bucket_name"
          ]
        }
      ]
    },
    {
      "mode": "managed",
      "type": "aws_s3_bucket",
      "name": "lambda_bucket",
      "provider": "provider[\"registry.terraform.io/hashicorp/aws\"]",
      "instances": [
        {
          "schema_version": 0,
          "attributes": {
            "acceleration_status": "",
            "acl": null,
            "arn": "arn:aws:s3:::task-management-pmi-simply-poorly-cheerful-fly",
            "bucket": "task-management-pmi-simply-poorly-cheerful-fly",
            "bucket_domain_name": "task-management-pmi-simply-poorly-cheerful-fly.s3.amazonaws.com",
            "bucket_prefix": "",
            "bucket_regional_domain_name": "task-management-pmi-simply-poorly-cheerful-fly.s3.eu-central-1.amazonaws.com",
            "cors_rule": [],
            "force_destroy": false,
            "grant": [
              {
                "id": "f38e085432725105f7a93d1cc365c2a0acf3ffb82b2a6616826fd706751c1566",
                "permissions": [
                  "FULL_CONTROL"
                ],
                "type": "CanonicalUser",
                "uri": ""
              }
            ],
            "hosted_zone_id": "Z21DNDUVLTQW6Q",
            "id": "task-management-pmi-simply-poorly-cheerful-fly",
            "lifecycle_rule": [],
            "logging": [],
            "object_lock_configuration": [],
            "object_lock_enabled": false,
            "policy": "",
            "region": "eu-central-1",
            "replication_configuration": [],
            "request_payer": "BucketOwner",
            "server_side_encryption_configuration": [
              {
                "rule": [
                  {
                    "apply_server_side_encryption_by_default": [
                      {
                        "kms_master_key_id": "",
                        "sse_algorithm": "AES256"
                      }
                    ],
                    "bucket_key_enabled": false
                  }
                ]
              }
            ],
            "tags": {},
            "tags_all": {},
            "timeouts": null,
            "versioning": [
              {
                "enabled": false,
                "mfa_delete": false
              }
            ],
            "website": [],
            "website_domain": null,
            "website_endpoint": null
          },
          "sensitive_attributes": [],
          "private": "eyJlMmJmYjczMC1lY2FhLTExZTYtOGY4OC0zNDM2M2JjN2M0YzAiOnsiY3JlYXRlIjoxMjAwMDAwMDAwMDAwLCJkZWxldGUiOjM2MDAwMDAwMDAwMDAsInJlYWQiOjEyMDAwMDAwMDAwMDAsInVwZGF0ZSI6MTIwMDAwMDAwMDAwMH19",
          "dependencies": [
            "random_pet.lambda_bucket_name"
          ]
        }
      ]
    },
    {
      "mode": "managed",
      "type": "aws_s3_object",
      "name": "api_lambda_s3",
      "provider": "provider[\"registry.terraform.io/hashicorp/aws\"]",
      "instances": [
        {
          "schema_version": 0,
          "attributes": {
            "acl": null,
            "arn": "arn:aws:s3:::task-management-pmi-simply-poorly-cheerful-fly/api.zip",
            "bucket": "task-management-pmi-simply-poorly-cheerful-fly",
            "bucket_key_enabled": false,
            "cache_control": "",
            "checksum_algorithm": null,
            "checksum_crc32": "",
            "checksum_crc32c": "",
            "checksum_sha1": "",
            "checksum_sha256": "",
            "content": null,
            "content_base64": null,
            "content_disposition": "",
            "content_encoding": "",
            "content_language": "",
            "content_type": "application/octet-stream",
            "etag": "b4c394fa307b9700398fccf5bd302871",
            "force_destroy": false,
            "id": "api.zip",
            "key": "api.zip",
            "kms_key_id": null,
            "metadata": null,
            "object_lock_legal_hold_status": "",
            "object_lock_mode": "",
            "object_lock_retain_until_date": "",
            "override_provider": [],
            "server_side_encryption": "AES256",
            "source": "../dist/api.zip",
            "source_hash": null,
            "storage_class": "STANDARD",
            "tags": null,
            "tags_all": {},
            "version_id": "",
            "website_redirect": ""
          },
          "sensitive_attributes": [],
          "private": "bnVsbA==",
          "dependencies": [
            "aws_s3_bucket.lambda_bucket",
            "data.archive_file.api_zip",
            "random_pet.lambda_bucket_name"
          ]
        }
      ]
    },
    {
      "mode": "managed",
      "type": "aws_s3_object",
      "name": "authorizer_lambda_s3",
      "provider": "provider[\"registry.terraform.io/hashicorp/aws\"]",
      "instances": [
        {
          "schema_version": 0,
          "attributes": {
            "acl": null,
            "arn": "arn:aws:s3:::task-management-pmi-simply-poorly-cheerful-fly/authorizer.zip",
            "bucket": "task-management-pmi-simply-poorly-cheerful-fly",
            "bucket_key_enabled": false,
            "cache_control": "",
            "checksum_algorithm": null,
            "checksum_crc32": "",
            "checksum_crc32c": "",
            "checksum_sha1": "",
            "checksum_sha256": "",
            "content": null,
            "content_base64": null,
            "content_disposition": "",
            "content_encoding": "",
            "content_language": "",
            "content_type": "application/octet-stream",
            "etag": "ef6116d31502f86a494d592b50bc54e1",
            "force_destroy": false,
            "id": "authorizer.zip",
            "key": "authorizer.zip",
            "kms_key_id": null,
            "metadata": {},
            "object_lock_legal_hold_status": "",
            "object_lock_mode": "",
            "object_lock_retain_until_date": "",
            "override_provider": [],
            "server_side_encryption": "AES256",
            "source": "../dist/authorizer.zip",
            "source_hash": null,
            "storage_class": "STANDARD",
            "tags": {},
            "tags_all": {},
            "version_id": "",
            "website_redirect": ""
          },
          "sensitive_attributes": [],
          "private": "bnVsbA==",
          "dependencies": [
            "aws_s3_bucket.lambda_bucket",
            "data.archive_file.authorizer_zip",
            "random_pet.lambda_bucket_name"
          ]
        }
      ]
    },
    {
      "mode": "managed",
      "type": "aws_s3_object",
      "name": "login_lambda_s3",
      "provider": "provider[\"registry.terraform.io/hashicorp/aws\"]",
      "instances": [
        {
          "schema_version": 0,
          "attributes": {
            "acl": null,
            "arn": "arn:aws:s3:::task-management-pmi-simply-poorly-cheerful-fly/login.zip",
            "bucket": "task-management-pmi-simply-poorly-cheerful-fly",
            "bucket_key_enabled": false,
            "cache_control": "",
            "checksum_algorithm": null,
            "checksum_crc32": "",
            "checksum_crc32c": "",
            "checksum_sha1": "",
            "checksum_sha256": "",
            "content": null,
            "content_base64": null,
            "content_disposition": "",
            "content_encoding": "",
            "content_language": "",
            "content_type": "application/octet-stream",
            "etag": "12511c6096380cd7555bb211ae90d191",
            "force_destroy": false,
            "id": "login.zip",
            "key": "login.zip",
            "kms_key_id": null,
            "metadata": {},
            "object_lock_legal_hold_status": "",
            "object_lock_mode": "",
            "object_lock_retain_until_date": "",
            "override_provider": [],
            "server_side_encryption": "AES256",
            "source": "../dist/login.zip",
            "source_hash": null,
            "storage_class": "STANDARD",
            "tags": {},
            "tags_all": {},
            "version_id": "",
            "website_redirect": ""
          },
          "sensitive_attributes": [],
          "private": "bnVsbA==",
          "dependencies": [
            "aws_s3_bucket.lambda_bucket",
            "data.archive_file.login_zip",
            "random_pet.lambda_bucket_name"
          ]
        }
      ]
    },
    {
      "mode": "managed",
      "type": "aws_s3_object",
      "name": "registration_lambda_s3",
      "provider": "provider[\"registry.terraform.io/hashicorp/aws\"]",
      "instances": [
        {
          "schema_version": 0,
          "attributes": {
            "acl": null,
            "arn": "arn:aws:s3:::task-management-pmi-simply-poorly-cheerful-fly/registration.zip",
            "bucket": "task-management-pmi-simply-poorly-cheerful-fly",
            "bucket_key_enabled": false,
            "cache_control": "",
            "checksum_algorithm": null,
            "checksum_crc32": "",
            "checksum_crc32c": "",
            "checksum_sha1": "",
            "checksum_sha256": "",
            "content": null,
            "content_base64": null,
            "content_disposition": "",
            "content_encoding": "",
            "content_language": "",
            "content_type": "application/octet-stream",
            "etag": "e49c75db0406eb41a808e5480bc5fce8",
            "force_destroy": false,
            "id": "registration.zip",
            "key": "registration.zip",
            "kms_key_id": null,
            "metadata": {},
            "object_lock_legal_hold_status": "",
            "object_lock_mode": "",
            "object_lock_retain_until_date": "",
            "override_provider": [],
            "server_side_encryption": "AES256",
            "source": "../dist/registration.zip",
            "source_hash": null,
            "storage_class": "STANDARD",
            "tags": {},
            "tags_all": {},
            "version_id": "",
            "website_redirect": ""
          },
          "sensitive_attributes": [],
          "private": "bnVsbA==",
          "dependencies": [
            "aws_s3_bucket.lambda_bucket",
            "data.archive_file.registration_zip",
            "random_pet.lambda_bucket_name"
          ]
        }
      ]
    },
    {
      "mode": "managed",
      "type": "aws_secretsmanager_secret",
      "name": "app_config",
      "provider": "provider[\"registry.terraform.io/hashicorp/aws\"]",
      "instances": [
        {
          "schema_version": 0,
          "attributes": {
            "arn": "arn:aws:secretsmanager:eu-central-1:140023384452:secret:app/config-YEWj7h",
            "description": "",
            "force_overwrite_replica_secret": false,
            "id": "arn:aws:secretsmanager:eu-central-1:140023384452:secret:app/config-YEWj7h",
            "kms_key_id": "",
            "name": "app/config",
            "name_prefix": "",
            "policy": "",
            "recovery_window_in_days": 30,
            "replica": [],
            "tags": {},
            "tags_all": {}
          },
          "sensitive_attributes": [],
          "private": "bnVsbA=="
        }
      ]
    },
    {
      "mode": "managed",
      "type": "aws_secretsmanager_secret_version",
      "name": "app_config_version",
      "provider": "provider[\"registry.terraform.io/hashicorp/aws\"]",
      "instances": [
        {
          "schema_version": 0,
          "attributes": {
            "arn": "arn:aws:secretsmanager:eu-central-1:140023384452:secret:app/config-YEWj7h",
            "id": "arn:aws:secretsmanager:eu-central-1:140023384452:secret:app/config-YEWj7h|terraform-20240820135335971600000002",
            "secret_binary": "",
            "secret_id": "arn:aws:secretsmanager:eu-central-1:140023384452:secret:app/config-YEWj7h",
            "secret_string": "{\"DYNAMODB_TASKS_TABLE\":\"tasks\",\"DYNAMODB_USERS_TABLE\":\"users\",\"JWT_SECRET\":\"HpSQjhoQT7Sr3mnE6E704Eb4f7qNCFtB\"}",
            "version_id": "terraform-20240820135335971600000002",
            "version_stages": [
              "AWSCURRENT"
            ]
          },
          "sensitive_attributes": [
            [
              {
                "type": "get_attr",
                "value": "secret_binary"
              }
            ],
            [
              {
                "type": "get_attr",
                "value": "secret_string"
              }
            ]
          ],
          "private": "bnVsbA==",
          "dependencies": [
            "aws_dynamodb_table.tasks",
            "aws_dynamodb_table.users",
            "aws_secretsmanager_secret.app_config",
            "random_password.jwt_secret"
          ]
        }
      ]
    },
    {
      "mode": "managed",
      "type": "random_password",
      "name": "jwt_secret",
      "provider": "provider[\"registry.terraform.io/hashicorp/random\"]",
      "instances": [
        {
          "schema_version": 3,
          "attributes": {
            "bcrypt_hash": "$2a$10$0SulEAajcr8H8Fj038bW8eh9E4lgRCBnbTiKLmB2n.hBvm0S0Yqf2",
            "id": "none",
            "keepers": null,
            "length": 32,
            "lower": true,
            "min_lower": 0,
            "min_numeric": 0,
            "min_special": 0,
            "min_upper": 0,
            "number": true,
            "numeric": true,
            "override_special": null,
            "result": "HpSQjhoQT7Sr3mnE6E704Eb4f7qNCFtB",
            "special": false,
            "upper": true
          },
          "sensitive_attributes": [
            [
              {
                "type": "get_attr",
                "value": "bcrypt_hash"
              }
            ],
            [
              {
                "type": "get_attr",
                "value": "result"
              }
            ]
          ]
        }
      ]
    },
    {
      "mode": "managed",
      "type": "random_pet",
      "name": "lambda_bucket_name",
      "provider": "provider[\"registry.terraform.io/hashicorp/random\"]",
      "instances": [
        {
          "schema_version": 0,
          "attributes": {
            "id": "task-management-pmi-simply-poorly-cheerful-fly",
            "keepers": null,
            "length": 4,
            "prefix": "task-management-pmi",
            "separator": "-"
          },
          "sensitive_attributes": []
        }
      ]
    }
  ],
  "check_results": null
}
